<?xml version="1.0" encoding="utf-8"?>
<Project ToolsVersion="4.0" xmlns="http://schemas.microsoft.com/developer/msbuild/2003">
  <ItemGroup>
    <Filter Include="Beati">
      <UniqueIdentifier>{AA5FE20C-1674-0ABE-DFF5-AD1D4BC906EF}</UniqueIdentifier>
    </Filter>
    <Filter Include="Beati\Events">
      <UniqueIdentifier>{4E88CE97-3AEB-5D3C-E370-96F2CFB229BF}</UniqueIdentifier>
    </Filter>
    <Filter Include="Platform">
      <UniqueIdentifier>{2AC788B4-1694-E3BF-3FAD-D1672BD9184E}</UniqueIdentifier>
    </Filter>
    <Filter Include="Platform\Windows">
      <UniqueIdentifier>{64FBD71A-50F4-F66C-7926-DCF1657ED678}</UniqueIdentifier>
    </Filter>
  </ItemGroup>
  <ItemGroup>
    <ClInclude Include="src\Beati.h" />
    <ClInclude Include="src\Beati\Application.h">
      <Filter>Beati</Filter>
    </ClInclude>
    <ClInclude Include="src\Beati\Core.h">
      <Filter>Beati</Filter>
    </ClInclude>
    <ClInclude Include="src\Beati\EntryPoint.h">
      <Filter>Beati</Filter>
    </ClInclude>
    <ClInclude Include="src\Beati\Events\ApplicationEvent.h">
      <Filter>Beati\Events</Filter>
    </ClInclude>
    <ClInclude Include="src\Beati\Events\Event.h">
      <Filter>Beati\Events</Filter>
    </ClInclude>
    <ClInclude Include="src\Beati\Events\KeyEvent.h">
      <Filter>Beati\Events</Filter>
    </ClInclude>
    <ClInclude Include="src\Beati\Events\MouseEvent.h">
      <Filter>Beati\Events</Filter>
    </ClInclude>
    <ClInclude Include="src\Beati\Log.h">
      <Filter>Beati</Filter>
    </ClInclude>
    <ClInclude Include="src\Beati\Window.h">
      <Filter>Beati</Filter>
    </ClInclude>
    <ClInclude Include="src\Platform\Windows\WindowsWindow.h">
      <Filter>Platform\Windows</Filter>
    </ClInclude>
    <ClInclude Include="src\bepch.h" />
  </ItemGroup>
  <ItemGroup>
    <ClCompile Include="src\Beati\Application.cpp">
      <Filter>Beati</Filter>
    </ClCompile>
    <ClCompile Include="src\Beati\Log.cpp">
      <Filter>Beati</Filter>
    </ClCompile>
    <ClCompile Include="src\Platform\Windows\WindowsWindow.cpp">
      <Filter>Platform\Windows</Filter>
    </ClCompile>
    <ClCompile Include="src\bepch.cpp" />
  </ItemGroup>
</Project>